
Microsoft Visual Studio Solution File, Format Version 12.00
# Visual Studio Version 16
VisualStudioVersion = 16.0.31112.23
MinimumVisualStudioVersion = 10.0.40219.1
Project("{FAE04EC0-301F-11D3-BF4B-00C04F79EFBC}") = "QuanLyCanTin", "QuanLyCanTin\QuanLyCanTin.csproj", "{8B434B6B-CDF0-47B3-8250-5ABC748DEC50}"
EndProject
Project("{FAE04EC0-301F-11D3-BF4B-00C04F79EFBC}") = "BUS", "BUS\BUS.csproj", "{A77BD4B6-B387-4680-BB01-08C5741DEED7}"
EndProject
Project("{FAE04EC0-301F-11D3-BF4B-00C04F79EFBC}") = "DAO", "DAO\DAO.csproj", "{6300F303-19E7-43A1-A973-8B686ADEBE9F}"
EndProject
Project("{FAE04EC0-301F-11D3-BF4B-00C04F79EFBC}") = "DTO", "DTO\DTO.csproj", "{21F34B6C-E680-4282-87C5-71FE397BDD0D}"
EndProject
Global
	GlobalSection(SolutionConfigurationPlatforms) = preSolution
		Debug|Any CPU = Debug|Any CPU
		Release|Any CPU = Release|Any CPU
	EndGlobalSection
	GlobalSection(ProjectConfigurationPlatforms) = postSolution
		{8B434B6B-CDF0-47B3-8250-5ABC748DEC50}.Debug|Any CPU.ActiveCfg = Debug|Any CPU
		{8B434B6B-CDF0-47B3-8250-5ABC748DEC50}.Debug|Any CPU.Build.0 = Debug|Any CPU
		{8B434B6B-CDF0-47B3-8250-5ABC748DEC50}.Release|Any CPU.ActiveCfg = Release|Any CPU
		{8B434B6B-CDF0-47B3-8250-5ABC748DEC50}.Release|Any CPU.Build.0 = Release|Any CPU
		{A77BD4B6-B387-4680-BB01-08C5741DEED7}.Debug|Any CPU.ActiveCfg = Debug|Any CPU
		{A77BD4B6-B387-4680-BB01-08C5741DEED7}.Debug|Any CPU.Build.0 = Debug|Any CPU
		{A77BD4B6-B387-4680-BB01-08C5741DEED7}.Release|Any CPU.ActiveCfg = Release|Any CPU
		{A77BD4B6-B387-4680-BB01-08C5741DEED7}.Release|Any CPU.Build.0 = Release|Any CPU
		{6300F303-19E7-43A1-A973-8B686ADEBE9F}.Debug|Any CPU.ActiveCfg = Debug|Any CPU
		{6300F303-19E7-43A1-A973-8B686ADEBE9F}.Debug|Any CPU.Build.0 = Debug|Any CPU
		{6300F303-19E7-43A1-A973-8B686ADEBE9F}.Release|Any CPU.ActiveCfg = Release|Any CPU
		{6300F303-19E7-43A1-A973-8B686ADEBE9F}.Release|Any CPU.Build.0 = Release|Any CPU
		{21F34B6C-E680-4282-87C5-71FE397BDD0D}.Debug|Any CPU.ActiveCfg = Debug|Any CPU
		{21F34B6C-E680-4282-87C5-71FE397BDD0D}.Debug|Any CPU.Build.0 = Debug|Any CPU
		{21F34B6C-E680-4282-87C5-71FE397BDD0D}.Release|Any CPU.ActiveCfg = Release|Any CPU
		{21F34B6C-E680-4282-87C5-71FE397BDD0D}.Release|Any CPU.Build.0 = Release|Any CPU
	EndGlobalSection
	GlobalSection(SolutionProperties) = preSolution
		HideSolutionNode = FALSE
	EndGlobalSection
	GlobalSection(ExtensibilityGlobals) = postSolution
		SolutionGuid = {9DB97CAC-0674-44AF-B437-5A18C37AB6E3}
	EndGlobalSection
EndGlobal
